// !$*UTF8*$!
{
	archiveVersion = 1;
	classes = {
	};
	objectVersion = 52;
	objects = {

/* Begin PBXBuildFile section */
		C8A898E822DAB4BE000AA02D /* AppDelegate.swift in Sources */ = {isa = PBXBuildFile; fileRef = C8A898E722DAB4BE000AA02D /* AppDelegate.swift */; };
		C8A898EA22DAB4BE000AA02D /* SceneDelegate.swift in Sources */ = {isa = PBXBuildFile; fileRef = C8A898E922DAB4BE000AA02D /* SceneDelegate.swift */; };
		C8A898EC22DAB4BE000AA02D /* ViewController.swift in Sources */ = {isa = PBXBuildFile; fileRef = C8A898EB22DAB4BE000AA02D /* ViewController.swift */; };
		C8A898EF22DAB4BE000AA02D /* Main.storyboard in Resources */ = {isa = PBXBuildFile; fileRef = C8A898ED22DAB4BE000AA02D /* Main.storyboard */; };
		C8A898F222DAB4BE000AA02D /* APOD.xcdatamodeld in Sources */ = {isa = PBXBuildFile; fileRef = C8A898F022DAB4BE000AA02D /* APOD.xcdatamodeld */; };
		C8A898F422DAB4C2000AA02D /* Assets.xcassets in Resources */ = {isa = PBXBuildFile; fileRef = C8A898F322DAB4C2000AA02D /* Assets.xcassets */; };
		C8A898F722DAB4C2000AA02D /* LaunchScreen.storyboard in Resources */ = {isa = PBXBuildFile; fileRef = C8A898F522DAB4C2000AA02D /* LaunchScreen.storyboard */; };
		C8A8990222DAB4C2000AA02D /* APODTests.swift in Sources */ = {isa = PBXBuildFile; fileRef = C8A8990122DAB4C2000AA02D /* APODTests.swift */; };
		C8A8990D22DAB4C2000AA02D /* APODUITests.swift in Sources */ = {isa = PBXBuildFile; fileRef = C8A8990C22DAB4C2000AA02D /* APODUITests.swift */; };
		C8C9279622DAB70B004C976A /* RxSwift in Frameworks */ = {isa = PBXBuildFile; productRef = C8C9279522DAB70B004C976A /* RxSwift */; };
		C8C9279822DAB70B004C976A /* RxTest in Frameworks */ = {isa = PBXBuildFile; productRef = C8C9279722DAB70B004C976A /* RxTest */; };
		C8C9279A22DAB70B004C976A /* RxRelay in Frameworks */ = {isa = PBXBuildFile; productRef = C8C9279922DAB70B004C976A /* RxRelay */; };
		C8C9279C22DAB70B004C976A /* RxCocoa in Frameworks */ = {isa = PBXBuildFile; productRef = C8C9279B22DAB70B004C976A /* RxCocoa */; };
		C8C9279E22DAB70B004C976A /* RxBlocking in Frameworks */ = {isa = PBXBuildFile; productRef = C8C9279D22DAB70B004C976A /* RxBlocking */; };
		C8C927A022DAB7AC004C976A /* APODResult.swift in Sources */ = {isa = PBXBuildFile; fileRef = C8C9279F22DAB7AC004C976A /* APODResult.swift */; };
		C8C927A222DB1D94004C976A /* DatePickerViewController.swift in Sources */ = {isa = PBXBuildFile; fileRef = C8C927A122DB1D94004C976A /* DatePickerViewController.swift */; };
		C8C927A422DC04D7004C976A /* DataController.swift in Sources */ = {isa = PBXBuildFile; fileRef = C8C927A322DC04D7004C976A /* DataController.swift */; };
		C8C927A622DC09D8004C976A /* APODResultCache.swift in Sources */ = {isa = PBXBuildFile; fileRef = C8C927A522DC09D8004C976A /* APODResultCache.swift */; };
		C8C927A822DC14D6004C976A /* APODResultFetcher.swift in Sources */ = {isa = PBXBuildFile; fileRef = C8C927A722DC14D6004C976A /* APODResultFetcher.swift */; };
/* End PBXBuildFile section */

/* Begin PBXContainerItemProxy section */
		C8A898FE22DAB4C2000AA02D /* PBXContainerItemProxy */ = {
			isa = PBXContainerItemProxy;
			containerPortal = C8A898DC22DAB4BE000AA02D /* Project object */;
			proxyType = 1;
			remoteGlobalIDString = C8A898E322DAB4BE000AA02D;
			remoteInfo = APOD;
		};
		C8A8990922DAB4C2000AA02D /* PBXContainerItemProxy */ = {
			isa = PBXContainerItemProxy;
			containerPortal = C8A898DC22DAB4BE000AA02D /* Project object */;
			proxyType = 1;
			remoteGlobalIDString = C8A898E322DAB4BE000AA02D;
			remoteInfo = APOD;
		};
/* End PBXContainerItemProxy section */

/* Begin PBXFileReference section */
		C8A898E422DAB4BE000AA02D /* APOD.app */ = {isa = PBXFileReference; explicitFileType = wrapper.application; includeInIndex = 0; path = APOD.app; sourceTree = BUILT_PRODUCTS_DIR; };
		C8A898E722DAB4BE000AA02D /* AppDelegate.swift */ = {isa = PBXFileReference; lastKnownFileType = sourcecode.swift; path = AppDelegate.swift; sourceTree = "<group>"; };
		C8A898E922DAB4BE000AA02D /* SceneDelegate.swift */ = {isa = PBXFileReference; lastKnownFileType = sourcecode.swift; path = SceneDelegate.swift; sourceTree = "<group>"; };
		C8A898EB22DAB4BE000AA02D /* ViewController.swift */ = {isa = PBXFileReference; lastKnownFileType = sourcecode.swift; path = ViewController.swift; sourceTree = "<group>"; };
		C8A898EE22DAB4BE000AA02D /* Base */ = {isa = PBXFileReference; lastKnownFileType = file.storyboard; name = Base; path = Base.lproj/Main.storyboard; sourceTree = "<group>"; };
		C8A898F122DAB4BE000AA02D /* APOD.xcdatamodel */ = {isa = PBXFileReference; lastKnownFileType = wrapper.xcdatamodel; path = APOD.xcdatamodel; sourceTree = "<group>"; };
		C8A898F322DAB4C2000AA02D /* Assets.xcassets */ = {isa = PBXFileReference; lastKnownFileType = folder.assetcatalog; path = Assets.xcassets; sourceTree = "<group>"; };
		C8A898F622DAB4C2000AA02D /* Base */ = {isa = PBXFileReference; lastKnownFileType = file.storyboard; name = Base; path = Base.lproj/LaunchScreen.storyboard; sourceTree = "<group>"; };
		C8A898F822DAB4C2000AA02D /* Info.plist */ = {isa = PBXFileReference; lastKnownFileType = text.plist.xml; path = Info.plist; sourceTree = "<group>"; };
		C8A898FD22DAB4C2000AA02D /* APODTests.xctest */ = {isa = PBXFileReference; explicitFileType = wrapper.cfbundle; includeInIndex = 0; path = APODTests.xctest; sourceTree = BUILT_PRODUCTS_DIR; };
		C8A8990122DAB4C2000AA02D /* APODTests.swift */ = {isa = PBXFileReference; lastKnownFileType = sourcecode.swift; path = APODTests.swift; sourceTree = "<group>"; };
		C8A8990322DAB4C2000AA02D /* Info.plist */ = {isa = PBXFileReference; lastKnownFileType = text.plist.xml; path = Info.plist; sourceTree = "<group>"; };
		C8A8990822DAB4C2000AA02D /* APODUITests.xctest */ = {isa = PBXFileReference; explicitFileType = wrapper.cfbundle; includeInIndex = 0; path = APODUITests.xctest; sourceTree = BUILT_PRODUCTS_DIR; };
		C8A8990C22DAB4C2000AA02D /* APODUITests.swift */ = {isa = PBXFileReference; lastKnownFileType = sourcecode.swift; path = APODUITests.swift; sourceTree = "<group>"; };
		C8A8990E22DAB4C2000AA02D /* Info.plist */ = {isa = PBXFileReference; lastKnownFileType = text.plist.xml; path = Info.plist; sourceTree = "<group>"; };
		C8C9279F22DAB7AC004C976A /* APODResult.swift */ = {isa = PBXFileReference; lastKnownFileType = sourcecode.swift; path = APODResult.swift; sourceTree = "<group>"; };
		C8C927A122DB1D94004C976A /* DatePickerViewController.swift */ = {isa = PBXFileReference; lastKnownFileType = sourcecode.swift; path = DatePickerViewController.swift; sourceTree = "<group>"; };
		C8C927A322DC04D7004C976A /* DataController.swift */ = {isa = PBXFileReference; lastKnownFileType = sourcecode.swift; path = DataController.swift; sourceTree = "<group>"; };
		C8C927A522DC09D8004C976A /* APODResultCache.swift */ = {isa = PBXFileReference; lastKnownFileType = sourcecode.swift; path = APODResultCache.swift; sourceTree = "<group>"; };
		C8C927A722DC14D6004C976A /* APODResultFetcher.swift */ = {isa = PBXFileReference; lastKnownFileType = sourcecode.swift; path = APODResultFetcher.swift; sourceTree = "<group>"; };
/* End PBXFileReference section */

/* Begin PBXFrameworksBuildPhase section */
		C8A898E122DAB4BE000AA02D /* Frameworks */ = {
			isa = PBXFrameworksBuildPhase;
			buildActionMask = 2147483647;
			files = (
				C8C9279C22DAB70B004C976A /* RxCocoa in Frameworks */,
				C8C9279E22DAB70B004C976A /* RxBlocking in Frameworks */,
				C8C9279A22DAB70B004C976A /* RxRelay in Frameworks */,
				C8C9279622DAB70B004C976A /* RxSwift in Frameworks */,
			);
			runOnlyForDeploymentPostprocessing = 0;
		};
		C8A898FA22DAB4C2000AA02D /* Frameworks */ = {
			isa = PBXFrameworksBuildPhase;
			buildActionMask = 2147483647;
			files = (
				C8C9279822DAB70B004C976A /* RxTest in Frameworks */,
			);
			runOnlyForDeploymentPostprocessing = 0;
		};
		C8A8990522DAB4C2000AA02D /* Frameworks */ = {
			isa = PBXFrameworksBuildPhase;
			buildActionMask = 2147483647;
			files = (
			);
			runOnlyForDeploymentPostprocessing = 0;
		};
/* End PBXFrameworksBuildPhase section */

/* Begin PBXGroup section */
		C8A898DB22DAB4BE000AA02D = {
			isa = PBXGroup;
			children = (
				C8A898E622DAB4BE000AA02D /* APOD */,
				C8A8990022DAB4C2000AA02D /* APODTests */,
				C8A8990B22DAB4C2000AA02D /* APODUITests */,
				C8A898E522DAB4BE000AA02D /* Products */,
			);
			sourceTree = "<group>";
		};
		C8A898E522DAB4BE000AA02D /* Products */ = {
			isa = PBXGroup;
			children = (
				C8A898E422DAB4BE000AA02D /* APOD.app */,
				C8A898FD22DAB4C2000AA02D /* APODTests.xctest */,
				C8A8990822DAB4C2000AA02D /* APODUITests.xctest */,
			);
			name = Products;
			sourceTree = "<group>";
		};
		C8A898E622DAB4BE000AA02D /* APOD */ = {
			isa = PBXGroup;
			children = (
				C8A898E722DAB4BE000AA02D /* AppDelegate.swift */,
				C8A898E922DAB4BE000AA02D /* SceneDelegate.swift */,
				C8A898EB22DAB4BE000AA02D /* ViewController.swift */,
				C8C927A122DB1D94004C976A /* DatePickerViewController.swift */,
				C8C9279F22DAB7AC004C976A /* APODResult.swift */,
				C8C927A722DC14D6004C976A /* APODResultFetcher.swift */,
				C8C927A522DC09D8004C976A /* APODResultCache.swift */,
				C8A898ED22DAB4BE000AA02D /* Main.storyboard */,
				C8A898F322DAB4C2000AA02D /* Assets.xcassets */,
				C8A898F522DAB4C2000AA02D /* LaunchScreen.storyboard */,
				C8A898F822DAB4C2000AA02D /* Info.plist */,
				C8C927A322DC04D7004C976A /* DataController.swift */,
				C8A898F022DAB4BE000AA02D /* APOD.xcdatamodeld */,
			);
			path = APOD;
			sourceTree = "<group>";
		};
		C8A8990022DAB4C2000AA02D /* APODTests */ = {
			isa = PBXGroup;
			children = (
				C8A8990122DAB4C2000AA02D /* APODTests.swift */,
				C8A8990322DAB4C2000AA02D /* Info.plist */,
			);
			path = APODTests;
			sourceTree = "<group>";
		};
		C8A8990B22DAB4C2000AA02D /* APODUITests */ = {
			isa = PBXGroup;
			children = (
				C8A8990C22DAB4C2000AA02D /* APODUITests.swift */,
				C8A8990E22DAB4C2000AA02D /* Info.plist */,
			);
			path = APODUITests;
			sourceTree = "<group>";
		};
/* End PBXGroup section */

/* Begin PBXNativeTarget section */
		C8A898E322DAB4BE000AA02D /* APOD */ = {
			isa = PBXNativeTarget;
			buildConfigurationList = C8A8991122DAB4C2000AA02D /* Build configuration list for PBXNativeTarget "APOD" */;
			buildPhases = (
				C8A898E022DAB4BE000AA02D /* Sources */,
				C8A898E122DAB4BE000AA02D /* Frameworks */,
				C8A898E222DAB4BE000AA02D /* Resources */,
			);
			buildRules = (
			);
			dependencies = (
			);
			name = APOD;
			packageProductDependencies = (
				C8C9279522DAB70B004C976A /* RxSwift */,
				C8C9279922DAB70B004C976A /* RxRelay */,
				C8C9279B22DAB70B004C976A /* RxCocoa */,
				C8C9279D22DAB70B004C976A /* RxBlocking */,
			);
			productName = APOD;
			productReference = C8A898E422DAB4BE000AA02D /* APOD.app */;
			productType = "com.apple.product-type.application";
		};
		C8A898FC22DAB4C2000AA02D /* APODTests */ = {
			isa = PBXNativeTarget;
			buildConfigurationList = C8A8991422DAB4C2000AA02D /* Build configuration list for PBXNativeTarget "APODTests" */;
			buildPhases = (
				C8A898F922DAB4C2000AA02D /* Sources */,
				C8A898FA22DAB4C2000AA02D /* Frameworks */,
				C8A898FB22DAB4C2000AA02D /* Resources */,
			);
			buildRules = (
			);
			dependencies = (
				C8A898FF22DAB4C2000AA02D /* PBXTargetDependency */,
			);
			name = APODTests;
			packageProductDependencies = (
				C8C9279722DAB70B004C976A /* RxTest */,
			);
			productName = APODTests;
			productReference = C8A898FD22DAB4C2000AA02D /* APODTests.xctest */;
			productType = "com.apple.product-type.bundle.unit-test";
		};
		C8A8990722DAB4C2000AA02D /* APODUITests */ = {
			isa = PBXNativeTarget;
			buildConfigurationList = C8A8991722DAB4C2000AA02D /* Build configuration list for PBXNativeTarget "APODUITests" */;
			buildPhases = (
				C8A8990422DAB4C2000AA02D /* Sources */,
				C8A8990522DAB4C2000AA02D /* Frameworks */,
				C8A8990622DAB4C2000AA02D /* Resources */,
			);
			buildRules = (
			);
			dependencies = (
				C8A8990A22DAB4C2000AA02D /* PBXTargetDependency */,
			);
			name = APODUITests;
			productName = APODUITests;
			productReference = C8A8990822DAB4C2000AA02D /* APODUITests.xctest */;
			productType = "com.apple.product-type.bundle.ui-testing";
		};
/* End PBXNativeTarget section */

/* Begin PBXProject section */
		C8A898DC22DAB4BE000AA02D /* Project object */ = {
			isa = PBXProject;
			attributes = {
				LastSwiftUpdateCheck = 1100;
				LastUpgradeCheck = 1100;
				ORGANIZATIONNAME = viwii;
				TargetAttributes = {
					C8A898E322DAB4BE000AA02D = {
						CreatedOnToolsVersion = 11.0;
					};
					C8A898FC22DAB4C2000AA02D = {
						CreatedOnToolsVersion = 11.0;
						TestTargetID = C8A898E322DAB4BE000AA02D;
					};
					C8A8990722DAB4C2000AA02D = {
						CreatedOnToolsVersion = 11.0;
						TestTargetID = C8A898E322DAB4BE000AA02D;
					};
				};
			};
			buildConfigurationList = C8A898DF22DAB4BE000AA02D /* Build configuration list for PBXProject "APOD" */;
			compatibilityVersion = "Xcode 9.3";
			developmentRegion = en;
			hasScannedForEncodings = 0;
			knownRegions = (
				en,
				Base,
			);
			mainGroup = C8A898DB22DAB4BE000AA02D;
			packageReferences = (
				C8C9279422DAB70B004C976A /* XCRemoteSwiftPackageReference "RxSwift" */,
			);
			productRefGroup = C8A898E522DAB4BE000AA02D /* Products */;
			projectDirPath = "";
			projectRoot = "";
			targets = (
				C8A898E322DAB4BE000AA02D /* APOD */,
				C8A898FC22DAB4C2000AA02D /* APODTests */,
				C8A8990722DAB4C2000AA02D /* APODUITests */,
			);
		};
/* End PBXProject section */

/* Begin PBXResourcesBuildPhase section */
		C8A898E222DAB4BE000AA02D /* Resources */ = {
			isa = PBXResourcesBuildPhase;
			buildActionMask = 2147483647;
			files = (
				C8A898F722DAB4C2000AA02D /* LaunchScreen.storyboard in Resources */,
				C8A898F422DAB4C2000AA02D /* Assets.xcassets in Resources */,
				C8A898EF22DAB4BE000AA02D /* Main.storyboard in Resources */,
			);
			runOnlyForDeploymentPostprocessing = 0;
		};
		C8A898FB22DAB4C2000AA02D /* Resources */ = {
			isa = PBXResourcesBuildPhase;
			buildActionMask = 2147483647;
			files = (
			);
			runOnlyForDeploymentPostprocessing = 0;
		};
		C8A8990622DAB4C2000AA02D /* Resources */ = {
			isa = PBXResourcesBuildPhase;
			buildActionMask = 2147483647;
			files = (
			);
			runOnlyForDeploymentPostprocessing = 0;
		};
/* End PBXResourcesBuildPhase section */

/* Begin PBXSourcesBuildPhase section */
		C8A898E022DAB4BE000AA02D /* Sources */ = {
			isa = PBXSourcesBuildPhase;
			buildActionMask = 2147483647;
			files = (
				C8C927A422DC04D7004C976A /* DataController.swift in Sources */,
				C8A898EC22DAB4BE000AA02D /* ViewController.swift in Sources */,
				C8A898F222DAB4BE000AA02D /* APOD.xcdatamodeld in Sources */,
				C8C927A222DB1D94004C976A /* DatePickerViewController.swift in Sources */,
				C8C927A022DAB7AC004C976A /* APODResult.swift in Sources */,
				C8A898E822DAB4BE000AA02D /* AppDelegate.swift in Sources */,
				C8A898EA22DAB4BE000AA02D /* SceneDelegate.swift in Sources */,
				C8C927A622DC09D8004C976A /* APODResultCache.swift in Sources */,
				C8C927A822DC14D6004C976A /* APODResultFetcher.swift in Sources */,
			);
			runOnlyForDeploymentPostprocessing = 0;
		};
		C8A898F922DAB4C2000AA02D /* Sources */ = {
			isa = PBXSourcesBuildPhase;
			buildActionMask = 2147483647;
			files = (
				C8A8990222DAB4C2000AA02D /* APODTests.swift in Sources */,
			);
			runOnlyForDeploymentPostprocessing = 0;
		};
		C8A8990422DAB4C2000AA02D /* Sources */ = {
			isa = PBXSourcesBuildPhase;
			buildActionMask = 2147483647;
			files = (
				C8A8990D22DAB4C2000AA02D /* APODUITests.swift in Sources */,
			);
			runOnlyForDeploymentPostprocessing = 0;
		};
/* End PBXSourcesBuildPhase section */

/* Begin PBXTargetDependency section */
		C8A898FF22DAB4C2000AA02D /* PBXTargetDependency */ = {
			isa = PBXTargetDependency;
			target = C8A898E322DAB4BE000AA02D /* APOD */;
			targetProxy = C8A898FE22DAB4C2000AA02D /* PBXContainerItemProxy */;
		};
		C8A8990A22DAB4C2000AA02D /* PBXTargetDependency */ = {
			isa = PBXTargetDependency;
			target = C8A898E322DAB4BE000AA02D /* APOD */;
			targetProxy = C8A8990922DAB4C2000AA02D /* PBXContainerItemProxy */;
		};
/* End PBXTargetDependency section */

/* Begin PBXVariantGroup section */
		C8A898ED22DAB4BE000AA02D /* Main.storyboard */ = {
			isa = PBXVariantGroup;
			children = (
				C8A898EE22DAB4BE000AA02D /* Base */,
			);
			name = Main.storyboard;
			sourceTree = "<group>";
		};
		C8A898F522DAB4C2000AA02D /* LaunchScreen.storyboard */ = {
			isa = PBXVariantGroup;
			children = (
				C8A898F622DAB4C2000AA02D /* Base */,
			);
			name = LaunchScreen.storyboard;
			sourceTree = "<group>";
		};
/* End PBXVariantGroup section */

/* Begin XCBuildConfiguration section */
		C8A8990F22DAB4C2000AA02D /* Debug */ = {
			isa = XCBuildConfiguration;
			buildSettings = {
				ALWAYS_SEARCH_USER_PATHS = NO;
				CLANG_ANALYZER_NONNULL = YES;
				CLANG_ANALYZER_NUMBER_OBJECT_CONVERSION = YES_AGGRESSIVE;
				CLANG_CXX_LANGUAGE_STANDARD = "gnu++14";
				CLANG_CXX_LIBRARY = "libc++";
				CLANG_ENABLE_MODULES = YES;
				CLANG_ENABLE_OBJC_ARC = YES;
				CLANG_ENABLE_OBJC_WEAK = YES;
				CLANG_WARN_BLOCK_CAPTURE_AUTORELEASING = YES;
				CLANG_WARN_BOOL_CONVERSION = YES;
				CLANG_WARN_COMMA = YES;
				CLANG_WARN_CONSTANT_CONVERSION = YES;
				CLANG_WARN_DEPRECATED_OBJC_IMPLEMENTATIONS = YES;
				CLANG_WARN_DIRECT_OBJC_ISA_USAGE = YES_ERROR;
				CLANG_WARN_DOCUMENTATION_COMMENTS = YES;
				CLANG_WARN_EMPTY_BODY = YES;
				CLANG_WARN_ENUM_CONVERSION = YES;
				CLANG_WARN_INFINITE_RECURSION = YES;
				CLANG_WARN_INT_CONVERSION = YES;
				CLANG_WARN_NON_LITERAL_NULL_CONVERSION = YES;
				CLANG_WARN_OBJC_IMPLICIT_RETAIN_SELF = YES;
				CLANG_WARN_OBJC_LITERAL_CONVERSION = YES;
				CLANG_WARN_OBJC_ROOT_CLASS = YES_ERROR;
				CLANG_WARN_RANGE_LOOP_ANALYSIS = YES;
				CLANG_WARN_STRICT_PROTOTYPES = YES;
				CLANG_WARN_SUSPICIOUS_MOVE = YES;
				CLANG_WARN_UNGUARDED_AVAILABILITY = YES_AGGRESSIVE;
				CLANG_WARN_UNREACHABLE_CODE = YES;
				CLANG_WARN__DUPLICATE_METHOD_MATCH = YES;
				COPY_PHASE_STRIP = NO;
				DEBUG_INFORMATION_FORMAT = dwarf;
				ENABLE_STRICT_OBJC_MSGSEND = YES;
				ENABLE_TESTABILITY = YES;
				GCC_C_LANGUAGE_STANDARD = gnu11;
				GCC_DYNAMIC_NO_PIC = NO;
				GCC_NO_COMMON_BLOCKS = YES;
				GCC_OPTIMIZATION_LEVEL = 0;
				GCC_PREPROCESSOR_DEFINITIONS = (
					"DEBUG=1",
					"$(inherited)",
				);
				GCC_WARN_64_TO_32_BIT_CONVERSION = YES;
				GCC_WARN_ABOUT_RETURN_TYPE = YES_ERROR;
				GCC_WARN_UNDECLARED_SELECTOR = YES;
				GCC_WARN_UNINITIALIZED_AUTOS = YES_AGGRESSIVE;
				GCC_WARN_UNUSED_FUNCTION = YES;
				GCC_WARN_UNUSED_VARIABLE = YES;
				IPHONEOS_DEPLOYMENT_TARGET = 13.0;
				MTL_ENABLE_DEBUG_INFO = INCLUDE_SOURCE;
				MTL_FAST_MATH = YES;
				ONLY_ACTIVE_ARCH = YES;
				SDKROOT = iphoneos;
				SWIFT_ACTIVE_COMPILATION_CONDITIONS = DEBUG;
				SWIFT_OPTIMIZATION_LEVEL = "-Onone";
			};
			name = Debug;
		};
		C8A8991022DAB4C2000AA02D /* Release */ = {
			isa = XCBuildConfiguration;
			buildSettings = {
				ALWAYS_SEARCH_USER_PATHS = NO;
				CLANG_ANALYZER_NONNULL = YES;
				CLANG_ANALYZER_NUMBER_OBJECT_CONVERSION = YES_AGGRESSIVE;
				CLANG_CXX_LANGUAGE_STANDARD = "gnu++14";
				CLANG_CXX_LIBRARY = "libc++";
				CLANG_ENABLE_MODULES = YES;
				CLANG_ENABLE_OBJC_ARC = YES;
				CLANG_ENABLE_OBJC_WEAK = YES;
				CLANG_WARN_BLOCK_CAPTURE_AUTORELEASING = YES;
				CLANG_WARN_BOOL_CONVERSION = YES;
				CLANG_WARN_COMMA = YES;
				CLANG_WARN_CONSTANT_CONVERSION = YES;
				CLANG_WARN_DEPRECATED_OBJC_IMPLEMENTATIONS = YES;
				CLANG_WARN_DIRECT_OBJC_ISA_USAGE = YES_ERROR;
				CLANG_WARN_DOCUMENTATION_COMMENTS = YES;
				CLANG_WARN_EMPTY_BODY = YES;
				CLANG_WARN_ENUM_CONVERSION = YES;
				CLANG_WARN_INFINITE_RECURSION = YES;
				CLANG_WARN_INT_CONVERSION = YES;
				CLANG_WARN_NON_LITERAL_NULL_CONVERSION = YES;
				CLANG_WARN_OBJC_IMPLICIT_RETAIN_SELF = YES;
				CLANG_WARN_OBJC_LITERAL_CONVERSION = YES;
				CLANG_WARN_OBJC_ROOT_CLASS = YES_ERROR;
				CLANG_WARN_RANGE_LOOP_ANALYSIS = YES;
				CLANG_WARN_STRICT_PROTOTYPES = YES;
				CLANG_WARN_SUSPICIOUS_MOVE = YES;
				CLANG_WARN_UNGUARDED_AVAILABILITY = YES_AGGRESSIVE;
				CLANG_WARN_UNREACHABLE_CODE = YES;
				CLANG_WARN__DUPLICATE_METHOD_MATCH = YES;
				COPY_PHASE_STRIP = NO;
				DEBUG_INFORMATION_FORMAT = "dwarf-with-dsym";
				ENABLE_NS_ASSERTIONS = NO;
				ENABLE_STRICT_OBJC_MSGSEND = YES;
				GCC_C_LANGUAGE_STANDARD = gnu11;
				GCC_NO_COMMON_BLOCKS = YES;
				GCC_WARN_64_TO_32_BIT_CONVERSION = YES;
				GCC_WARN_ABOUT_RETURN_TYPE = YES_ERROR;
				GCC_WARN_UNDECLARED_SELECTOR = YES;
				GCC_WARN_UNINITIALIZED_AUTOS = YES_AGGRESSIVE;
				GCC_WARN_UNUSED_FUNCTION = YES;
				GCC_WARN_UNUSED_VARIABLE = YES;
				IPHONEOS_DEPLOYMENT_TARGET = 13.0;
				MTL_ENABLE_DEBUG_INFO = NO;
				MTL_FAST_MATH = YES;
				SDKROOT = iphoneos;
				SWIFT_COMPILATION_MODE = wholemodule;
				SWIFT_OPTIMIZATION_LEVEL = "-O";
				VALIDATE_PRODUCT = YES;
			};
			name = Release;
		};
		C8A8991222DAB4C2000AA02D /* Debug */ = {
			isa = XCBuildConfiguration;
			buildSettings = {
				ASSETCATALOG_COMPILER_APPICON_NAME = AppIcon;
				CODE_SIGN_STYLE = Automatic;
				DEVELOPMENT_TEAM = LMFYAZF64N;
				INFOPLIST_FILE = APOD/Info.plist;
				LD_RUNPATH_SEARCH_PATHS = (
					"$(inherited)",
					"@executable_path/Frameworks",
				);
				PRODUCT_BUNDLE_IDENTIFIER = com.viwii.APOD;
				PRODUCT_NAME = "$(TARGET_NAME)";
				SWIFT_VERSION = 5.0;
				TARGETED_DEVICE_FAMILY = "1,2";
			};
			name = Debug;
		};
		C8A8991322DAB4C2000AA02D /* Release */ = {
			isa = XCBuildConfiguration;
			buildSettings = {
				ASSETCATALOG_COMPILER_APPICON_NAME = AppIcon;
				CODE_SIGN_STYLE = Automatic;
				DEVELOPMENT_TEAM = LMFYAZF64N;
				INFOPLIST_FILE = APOD/Info.plist;
				LD_RUNPATH_SEARCH_PATHS = (
					"$(inherited)",
					"@executable_path/Frameworks",
				);
				PRODUCT_BUNDLE_IDENTIFIER = com.viwii.APOD;
				PRODUCT_NAME = "$(TARGET_NAME)";
				SWIFT_VERSION = 5.0;
				TARGETED_DEVICE_FAMILY = "1,2";
			};
			name = Release;
		};
		C8A8991522DAB4C2000AA02D /* Debug */ = {
			isa = XCBuildConfiguration;
			buildSettings = {
				ALWAYS_EMBED_SWIFT_STANDARD_LIBRARIES = YES;
				BUNDLE_LOADER = "$(TEST_HOST)";
				CODE_SIGN_STYLE = Automatic;
				DEVELOPMENT_TEAM = LMFYAZF64N;
				INFOPLIST_FILE = APODTests/Info.plist;
				LD_RUNPATH_SEARCH_PATHS = (
					"$(inherited)",
					"@executable_path/Frameworks",
					"@loader_path/Frameworks",
				);
				PRODUCT_BUNDLE_IDENTIFIER = com.viwii.APODTests;
				PRODUCT_NAME = "$(TARGET_NAME)";
				SWIFT_VERSION = 5.0;
				TARGETED_DEVICE_FAMILY = "1,2";
				TEST_HOST = "$(BUILT_PRODUCTS_DIR)/APOD.app/APOD";
			};
			name = Debug;
		};
		C8A8991622DAB4C2000AA02D /* Release */ = {
			isa = XCBuildConfiguration;
			buildSettings = {
				ALWAYS_EMBED_SWIFT_STANDARD_LIBRARIES = YES;
				BUNDLE_LOADER = "$(TEST_HOST)";
				CODE_SIGN_STYLE = Automatic;
				DEVELOPMENT_TEAM = LMFYAZF64N;
				INFOPLIST_FILE = APODTests/Info.plist;
				LD_RUNPATH_SEARCH_PATHS = (
					"$(inherited)",
					"@executable_path/Frameworks",
					"@loader_path/Frameworks",
				);
				PRODUCT_BUNDLE_IDENTIFIER = com.viwii.APODTests;
				PRODUCT_NAME = "$(TARGET_NAME)";
				SWIFT_VERSION = 5.0;
				TARGETED_DEVICE_FAMILY = "1,2";
				TEST_HOST = "$(BUILT_PRODUCTS_DIR)/APOD.app/APOD";
			};
			name = Release;
		};
		C8A8991822DAB4C2000AA02D /* Debug */ = {
			isa = XCBuildConfiguration;
			buildSettings = {
				ALWAYS_EMBED_SWIFT_STANDARD_LIBRARIES = YES;
				CODE_SIGN_STYLE = Automatic;
				DEVELOPMENT_TEAM = LMFYAZF64N;
				INFOPLIST_FILE = APODUITests/Info.plist;
				LD_RUNPATH_SEARCH_PATHS = (
					"$(inherited)",
					"@executable_path/Frameworks",
					"@loader_path/Frameworks",
				);
				PRODUCT_BUNDLE_IDENTIFIER = com.viwii.APODUITests;
				PRODUCT_NAME = "$(TARGET_NAME)";
				SWIFT_VERSION = 5.0;
				TARGETED_DEVICE_FAMILY = "1,2";
				TEST_TARGET_NAME = APOD;
			};
			name = Debug;
		};
		C8A8991922DAB4C2000AA02D /* Release */ = {
			isa = XCBuildConfiguration;
			buildSettings = {
				ALWAYS_EMBED_SWIFT_STANDARD_LIBRARIES = YES;
				CODE_SIGN_STYLE = Automatic;
				DEVELOPMENT_TEAM = LMFYAZF64N;
				INFOPLIST_FILE = APODUITests/Info.plist;
				LD_RUNPATH_SEARCH_PATHS = (
					"$(inherited)",
					"@executable_path/Frameworks",
					"@loader_path/Frameworks",
				);
				PRODUCT_BUNDLE_IDENTIFIER = com.viwii.APODUITests;
				PRODUCT_NAME = "$(TARGET_NAME)";
				SWIFT_VERSION = 5.0;
				TARGETED_DEVICE_FAMILY = "1,2";
				TEST_TARGET_NAME = APOD;
			};
			name = Release;
		};
/* End XCBuildConfiguration section */

/* Begin XCConfigurationList section */
		C8A898DF22DAB4BE000AA02D /* Build configuration list for PBXProject "APOD" */ = {
			isa = XCConfigurationList;
			buildConfigurations = (
				C8A8990F22DAB4C2000AA02D /* Debug */,
				C8A8991022DAB4C2000AA02D /* Release */,
			);
			defaultConfigurationIsVisible = 0;
			defaultConfigurationName = Release;
		};
		C8A8991122DAB4C2000AA02D /* Build configuration list for PBXNativeTarget "APOD" */ = {
			isa = XCConfigurationList;
			buildConfigurations = (
				C8A8991222DAB4C2000AA02D /* Debug */,
				C8A8991322DAB4C2000AA02D /* Release */,
			);
			defaultConfigurationIsVisible = 0;
			defaultConfigurationName = Release;
		};
		C8A8991422DAB4C2000AA02D /* Build configuration list for PBXNativeTarget "APODTests" */ = {
			isa = XCConfigurationList;
			buildConfigurations = (
				C8A8991522DAB4C2000AA02D /* Debug */,
				C8A8991622DAB4C2000AA02D /* Release */,
			);
			defaultConfigurationIsVisible = 0;
			defaultConfigurationName = Release;
		};
		C8A8991722DAB4C2000AA02D /* Build configuration list for PBXNativeTarget "APODUITests" */ = {
			isa = XCConfigurationList;
			buildConfigurations = (
				C8A8991822DAB4C2000AA02D /* Debug */,
				C8A8991922DAB4C2000AA02D /* Release */,
			);
			defaultConfigurationIsVisible = 0;
			defaultConfigurationName = Release;
		};
/* End XCConfigurationList section */

/* Begin XCRemoteSwiftPackageReference section */
		C8C9279422DAB70B004C976A /* XCRemoteSwiftPackageReference "RxSwift" */ = {
			isa = XCRemoteSwiftPackageReference;
			repositoryURL = "git@github.com:ReactiveX/RxSwift.git";
			requirement = {
				kind = upToNextMajorVersion;
				minimumVersion = 5.0.1;
			};
		};
/* End XCRemoteSwiftPackageReference section */

/* Begin XCSwiftPackageProductDependency section */
		C8C9279522DAB70B004C976A /* RxSwift */ = {
			isa = XCSwiftPackageProductDependency;
			package = C8C9279422DAB70B004C976A /* XCRemoteSwiftPackageReference "RxSwift" */;
			productName = RxSwift;
		};
		C8C9279722DAB70B004C976A /* RxTest */ = {
			isa = XCSwiftPackageProductDependency;
			package = C8C9279422DAB70B004C976A /* XCRemoteSwiftPackageReference "RxSwift" */;
			productName = RxTest;
		};
		C8C9279922DAB70B004C976A /* RxRelay */ = {
			isa = XCSwiftPackageProductDependency;
			package = C8C9279422DAB70B004C976A /* XCRemoteSwiftPackageReference "RxSwift" */;
			productName = RxRelay;
		};
		C8C9279B22DAB70B004C976A /* RxCocoa */ = {
			isa = XCSwiftPackageProductDependency;
			package = C8C9279422DAB70B004C976A /* XCRemoteSwiftPackageReference "RxSwift" */;
			productName = RxCocoa;
		};
		C8C9279D22DAB70B004C976A /* RxBlocking */ = {
			isa = XCSwiftPackageProductDependency;
			package = C8C9279422DAB70B004C976A /* XCRemoteSwiftPackageReference "RxSwift" */;
			productName = RxBlocking;
		};
/* End XCSwiftPackageProductDependency section */

/* Begin XCVersionGroup section */
		C8A898F022DAB4BE000AA02D /* APOD.xcdatamodeld */ = {
			isa = XCVersionGroup;
			children = (
				C8A898F122DAB4BE000AA02D /* APOD.xcdatamodel */,
			);
			currentVersion = C8A898F122DAB4BE000AA02D /* APOD.xcdatamodel */;
			path = APOD.xcdatamodeld;
			sourceTree = "<group>";
			versionGroupType = wrapper.xcdatamodel;
		};
/* End XCVersionGroup section */
	};
	rootObject = C8A898DC22DAB4BE000AA02D /* Project object */;
}
